
Microsoft Visual Studio Solution File, Format Version 12.00
# Visual Studio Version 17
VisualStudioVersion = 17.10.34916.146
MinimumVisualStudioVersion = 10.0.40219.1
Project("{FAE04EC0-301F-11D3-BF4B-00C04F79EFBC}") = "CSLight", "CSLight\CSLight.csproj", "{7FD1559D-55E9-4509-9C09-7AEF92AD4A7A}"
EndProject
Global
	GlobalSection(SolutionConfigurationPlatforms) = preSolution
		Debug|Any CPU = Debug|Any CPU
		Release|Any CPU = Release|Any CPU
	EndGlobalSection
	GlobalSection(ProjectConfigurationPlatforms) = postSolution
		{7FD1559D-55E9-4509-9C09-7AEF92AD4A7A}.Debug|Any CPU.ActiveCfg = Debug|Any CPU
		{7FD1559D-55E9-4509-9C09-7AEF92AD4A7A}.Debug|Any CPU.Build.0 = Debug|Any CPU
		{7FD1559D-55E9-4509-9C09-7AEF92AD4A7A}.Release|Any CPU.ActiveCfg = Release|Any CPU
		{7FD1559D-55E9-4509-9C09-7AEF92AD4A7A}.Release|Any CPU.Build.0 = Release|Any CPU
	EndGlobalSection
	GlobalSection(SolutionProperties) = preSolution
		HideSolutionNode = FALSE
	EndGlobalSection
	GlobalSection(ExtensibilityGlobals) = postSolution
		SolutionGuid = {520422BA-FAC0-48B5-BCA8-2AE1AC47C839}
	EndGlobalSection
EndGlobal
